
Microsoft Visual Studio Solution File, Format Version 12.00
# Visual Studio Version 17
VisualStudioVersion = 17.2.32602.215
MinimumVisualStudioVersion = 10.0.40219.1
Project("{FAE04EC0-301F-11D3-BF4B-00C04F79EFBC}") = "KidsPOS.Common", "KidsPOS.Common\KidsPOS.Common.csproj", "{67606D44-F908-4D24-9545-317F6403FEA5}"
EndProject
Global
	GlobalSection(SolutionConfigurationPlatforms) = preSolution
		Debug|Any CPU = Debug|Any CPU
		Release|Any CPU = Release|Any CPU
	EndGlobalSection
	GlobalSection(ProjectConfigurationPlatforms) = postSolution
		{67606D44-F908-4D24-9545-317F6403FEA5}.Debug|Any CPU.ActiveCfg = Debug|Any CPU
		{67606D44-F908-4D24-9545-317F6403FEA5}.Debug|Any CPU.Build.0 = Debug|Any CPU
		{67606D44-F908-4D24-9545-317F6403FEA5}.Release|Any CPU.ActiveCfg = Release|Any CPU
		{67606D44-F908-4D24-9545-317F6403FEA5}.Release|Any CPU.Build.0 = Release|Any CPU
	EndGlobalSection
	GlobalSection(SolutionProperties) = preSolution
		HideSolutionNode = FALSE
	EndGlobalSection
	GlobalSection(ExtensibilityGlobals) = postSolution
		SolutionGuid = {19D8F9DF-E59B-46B5-A126-58E0FA5D0B6E}
	EndGlobalSection
EndGlobal
